// !$*UTF8*$!
{
	archiveVersion = 1;
	classes = {
	};
	objectVersion = 56;
	objects = {

/* Begin PBXBuildFile section */
		DB45D22B2BCEBF1C0055C7F0 /* AppDelegate.swift in Sources */ = {isa = PBXBuildFile; fileRef = DB45D22A2BCEBF1C0055C7F0 /* AppDelegate.swift */; };
		DB45D22D2BCEBF1C0055C7F0 /* SceneDelegate.swift in Sources */ = {isa = PBXBuildFile; fileRef = DB45D22C2BCEBF1C0055C7F0 /* SceneDelegate.swift */; };
		DB45D22F2BCEBF1C0055C7F0 /* ViewController.swift in Sources */ = {isa = PBXBuildFile; fileRef = DB45D22E2BCEBF1C0055C7F0 /* ViewController.swift */; };
		DB45D2322BCEBF1C0055C7F0 /* Main.storyboard in Resources */ = {isa = PBXBuildFile; fileRef = DB45D2302BCEBF1C0055C7F0 /* Main.storyboard */; };
		DB45D2342BCEBF1F0055C7F0 /* Assets.xcassets in Resources */ = {isa = PBXBuildFile; fileRef = DB45D2332BCEBF1F0055C7F0 /* Assets.xcassets */; };
		DB45D2372BCEBF1F0055C7F0 /* LaunchScreen.storyboard in Resources */ = {isa = PBXBuildFile; fileRef = DB45D2352BCEBF1F0055C7F0 /* LaunchScreen.storyboard */; };
		DB45D23F2BCF7F810055C7F0 /* GoogleService-Info.plist in Resources */ = {isa = PBXBuildFile; fileRef = DB45D23E2BCF7F810055C7F0 /* GoogleService-Info.plist */; };
		DB45D2462BCF80E60055C7F0 /* FirebaseAnalyticsSwift in Frameworks */ = {isa = PBXBuildFile; productRef = DB45D2452BCF80E60055C7F0 /* FirebaseAnalyticsSwift */; };
		DB45D24E2BCF80E60055C7F0 /* FirebaseAuth in Frameworks */ = {isa = PBXBuildFile; productRef = DB45D24D2BCF80E60055C7F0 /* FirebaseAuth */; };
		DB45D2502BCF80E60055C7F0 /* FirebaseAuthCombine-Community in Frameworks */ = {isa = PBXBuildFile; productRef = DB45D24F2BCF80E60055C7F0 /* FirebaseAuthCombine-Community */; };
		DB45D2542BCF80E60055C7F0 /* FirebaseDatabase in Frameworks */ = {isa = PBXBuildFile; productRef = DB45D2532BCF80E60055C7F0 /* FirebaseDatabase */; };
		DB45D2562BCF80E60055C7F0 /* FirebaseDatabaseSwift in Frameworks */ = {isa = PBXBuildFile; productRef = DB45D2552BCF80E60055C7F0 /* FirebaseDatabaseSwift */; };
		DB45D25A2BCF80E60055C7F0 /* FirebaseFirestore in Frameworks */ = {isa = PBXBuildFile; productRef = DB45D2592BCF80E60055C7F0 /* FirebaseFirestore */; };
		DB45D25C2BCF80E60055C7F0 /* FirebaseFirestoreCombine-Community in Frameworks */ = {isa = PBXBuildFile; productRef = DB45D25B2BCF80E60055C7F0 /* FirebaseFirestoreCombine-Community */; };
		DB45D25E2BCF80E60055C7F0 /* FirebaseFirestoreSwift in Frameworks */ = {isa = PBXBuildFile; productRef = DB45D25D2BCF80E60055C7F0 /* FirebaseFirestoreSwift */; };
		DB45D2602BCF81D50055C7F0 /* LoginViewController.swift in Sources */ = {isa = PBXBuildFile; fileRef = DB45D25F2BCF81D50055C7F0 /* LoginViewController.swift */; };
		DB45D2622BCF8AB30055C7F0 /* RegisterViewController.swift in Sources */ = {isa = PBXBuildFile; fileRef = DB45D2612BCF8AB30055C7F0 /* RegisterViewController.swift */; };
		DB45D2642BD74F730055C7F0 /* HomeViewController.swift in Sources */ = {isa = PBXBuildFile; fileRef = DB45D2632BD74F730055C7F0 /* HomeViewController.swift */; };
		DB45D2662BD755360055C7F0 /* RecipeCell.swift in Sources */ = {isa = PBXBuildFile; fileRef = DB45D2652BD755360055C7F0 /* RecipeCell.swift */; };
		DB7A3D7D2BD8801C000DEA9B /* RecipeService.swift in Sources */ = {isa = PBXBuildFile; fileRef = DB7A3D7C2BD8801C000DEA9B /* RecipeService.swift */; };
		DB7A3D7F2BD881DA000DEA9B /* Recipe.swift in Sources */ = {isa = PBXBuildFile; fileRef = DB7A3D7E2BD881DA000DEA9B /* Recipe.swift */; };
		DB9E1F892BE0B79B0097D824 /* ProfileViewController.swift in Sources */ = {isa = PBXBuildFile; fileRef = DB9E1F882BE0B79B0097D824 /* ProfileViewController.swift */; };
		DB9E1F8B2BE0BEF20097D824 /* pp.jpg in Resources */ = {isa = PBXBuildFile; fileRef = DB9E1F8A2BE0BEF20097D824 /* pp.jpg */; };
		DBE2F4D52BDF5C460011B022 /* DetailViewController.swift in Sources */ = {isa = PBXBuildFile; fileRef = DBE2F4D42BDF5C460011B022 /* DetailViewController.swift */; };
/* End PBXBuildFile section */

/* Begin PBXFileReference section */
		DB45D2272BCEBF1C0055C7F0 /* Recipe Repository.app */ = {isa = PBXFileReference; explicitFileType = wrapper.application; includeInIndex = 0; path = "Recipe Repository.app"; sourceTree = BUILT_PRODUCTS_DIR; };
		DB45D22A2BCEBF1C0055C7F0 /* AppDelegate.swift */ = {isa = PBXFileReference; lastKnownFileType = sourcecode.swift; path = AppDelegate.swift; sourceTree = "<group>"; };
		DB45D22C2BCEBF1C0055C7F0 /* SceneDelegate.swift */ = {isa = PBXFileReference; lastKnownFileType = sourcecode.swift; path = SceneDelegate.swift; sourceTree = "<group>"; };
		DB45D22E2BCEBF1C0055C7F0 /* ViewController.swift */ = {isa = PBXFileReference; lastKnownFileType = sourcecode.swift; path = ViewController.swift; sourceTree = "<group>"; };
		DB45D2312BCEBF1C0055C7F0 /* Base */ = {isa = PBXFileReference; lastKnownFileType = file.storyboard; name = Base; path = Base.lproj/Main.storyboard; sourceTree = "<group>"; };
		DB45D2332BCEBF1F0055C7F0 /* Assets.xcassets */ = {isa = PBXFileReference; lastKnownFileType = folder.assetcatalog; path = Assets.xcassets; sourceTree = "<group>"; };
		DB45D2362BCEBF1F0055C7F0 /* Base */ = {isa = PBXFileReference; lastKnownFileType = file.storyboard; name = Base; path = Base.lproj/LaunchScreen.storyboard; sourceTree = "<group>"; };
		DB45D2382BCEBF1F0055C7F0 /* Info.plist */ = {isa = PBXFileReference; lastKnownFileType = text.plist.xml; path = Info.plist; sourceTree = "<group>"; };
		DB45D23E2BCF7F810055C7F0 /* GoogleService-Info.plist */ = {isa = PBXFileReference; fileEncoding = 4; lastKnownFileType = text.plist.xml; path = "GoogleService-Info.plist"; sourceTree = "<group>"; };
		DB45D25F2BCF81D50055C7F0 /* LoginViewController.swift */ = {isa = PBXFileReference; lastKnownFileType = sourcecode.swift; path = LoginViewController.swift; sourceTree = "<group>"; };
		DB45D2612BCF8AB30055C7F0 /* RegisterViewController.swift */ = {isa = PBXFileReference; lastKnownFileType = sourcecode.swift; path = RegisterViewController.swift; sourceTree = "<group>"; };
		DB45D2632BD74F730055C7F0 /* HomeViewController.swift */ = {isa = PBXFileReference; lastKnownFileType = sourcecode.swift; path = HomeViewController.swift; sourceTree = "<group>"; };
		DB45D2652BD755360055C7F0 /* RecipeCell.swift */ = {isa = PBXFileReference; lastKnownFileType = sourcecode.swift; path = RecipeCell.swift; sourceTree = "<group>"; };
		DB7A3D7C2BD8801C000DEA9B /* RecipeService.swift */ = {isa = PBXFileReference; lastKnownFileType = sourcecode.swift; path = RecipeService.swift; sourceTree = "<group>"; };
		DB7A3D7E2BD881DA000DEA9B /* Recipe.swift */ = {isa = PBXFileReference; lastKnownFileType = sourcecode.swift; path = Recipe.swift; sourceTree = "<group>"; };
		DB9E1F882BE0B79B0097D824 /* ProfileViewController.swift */ = {isa = PBXFileReference; lastKnownFileType = sourcecode.swift; path = ProfileViewController.swift; sourceTree = "<group>"; };
		DB9E1F8A2BE0BEF20097D824 /* pp.jpg */ = {isa = PBXFileReference; lastKnownFileType = image.jpeg; path = pp.jpg; sourceTree = "<group>"; };
		DBE2F4D42BDF5C460011B022 /* DetailViewController.swift */ = {isa = PBXFileReference; lastKnownFileType = sourcecode.swift; path = DetailViewController.swift; sourceTree = "<group>"; };
/* End PBXFileReference section */

/* Begin PBXFrameworksBuildPhase section */
		DB45D2242BCEBF1C0055C7F0 /* Frameworks */ = {
			isa = PBXFrameworksBuildPhase;
			buildActionMask = 2147483647;
			files = (
				DB45D2542BCF80E60055C7F0 /* FirebaseDatabase in Frameworks */,
				DB45D25A2BCF80E60055C7F0 /* FirebaseFirestore in Frameworks */,
				DB45D2462BCF80E60055C7F0 /* FirebaseAnalyticsSwift in Frameworks */,
				DB45D25E2BCF80E60055C7F0 /* FirebaseFirestoreSwift in Frameworks */,
				DB45D24E2BCF80E60055C7F0 /* FirebaseAuth in Frameworks */,
				DB45D2562BCF80E60055C7F0 /* FirebaseDatabaseSwift in Frameworks */,
				DB45D2502BCF80E60055C7F0 /* FirebaseAuthCombine-Community in Frameworks */,
				DB45D25C2BCF80E60055C7F0 /* FirebaseFirestoreCombine-Community in Frameworks */,
			);
			runOnlyForDeploymentPostprocessing = 0;
		};
/* End PBXFrameworksBuildPhase section */

/* Begin PBXGroup section */
		DB45D21E2BCEBF1C0055C7F0 = {
			isa = PBXGroup;
			children = (
				DB45D2292BCEBF1C0055C7F0 /* Recipe Repository */,
				DB45D2282BCEBF1C0055C7F0 /* Products */,
			);
			sourceTree = "<group>";
		};
		DB45D2282BCEBF1C0055C7F0 /* Products */ = {
			isa = PBXGroup;
			children = (
				DB45D2272BCEBF1C0055C7F0 /* Recipe Repository.app */,
			);
			name = Products;
			sourceTree = "<group>";
		};
		DB45D2292BCEBF1C0055C7F0 /* Recipe Repository */ = {
			isa = PBXGroup;
			children = (
				DB45D22A2BCEBF1C0055C7F0 /* AppDelegate.swift */,
				DB45D2632BD74F730055C7F0 /* HomeViewController.swift */,
				DB7A3D7C2BD8801C000DEA9B /* RecipeService.swift */,
				DB7A3D7E2BD881DA000DEA9B /* Recipe.swift */,
				DB45D22C2BCEBF1C0055C7F0 /* SceneDelegate.swift */,
				DB45D22E2BCEBF1C0055C7F0 /* ViewController.swift */,
				DB45D2302BCEBF1C0055C7F0 /* Main.storyboard */,
				DB9E1F882BE0B79B0097D824 /* ProfileViewController.swift */,
				DBE2F4D42BDF5C460011B022 /* DetailViewController.swift */,
				DB45D2612BCF8AB30055C7F0 /* RegisterViewController.swift */,
				DB45D2652BD755360055C7F0 /* RecipeCell.swift */,
				DB45D2332BCEBF1F0055C7F0 /* Assets.xcassets */,
				DB45D2352BCEBF1F0055C7F0 /* LaunchScreen.storyboard */,
				DB45D25F2BCF81D50055C7F0 /* LoginViewController.swift */,
				DB45D2382BCEBF1F0055C7F0 /* Info.plist */,
				DB45D23E2BCF7F810055C7F0 /* GoogleService-Info.plist */,
				DB9E1F8A2BE0BEF20097D824 /* pp.jpg */,
			);
			path = "Recipe Repository";
			sourceTree = "<group>";
		};
/* End PBXGroup section */

/* Begin PBXNativeTarget section */
		DB45D2262BCEBF1C0055C7F0 /* Recipe Repository */ = {
			isa = PBXNativeTarget;
			buildConfigurationList = DB45D23B2BCEBF1F0055C7F0 /* Build configuration list for PBXNativeTarget "Recipe Repository" */;
			buildPhases = (
				DB45D2232BCEBF1C0055C7F0 /* Sources */,
				DB45D2242BCEBF1C0055C7F0 /* Frameworks */,
				DB45D2252BCEBF1C0055C7F0 /* Resources */,
			);
			buildRules = (
			);
			dependencies = (
			);
			name = "Recipe Repository";
			packageProductDependencies = (
				DB45D2452BCF80E60055C7F0 /* FirebaseAnalyticsSwift */,
				DB45D24D2BCF80E60055C7F0 /* FirebaseAuth */,
				DB45D24F2BCF80E60055C7F0 /* FirebaseAuthCombine-Community */,
				DB45D2532BCF80E60055C7F0 /* FirebaseDatabase */,
				DB45D2552BCF80E60055C7F0 /* FirebaseDatabaseSwift */,
				DB45D2592BCF80E60055C7F0 /* FirebaseFirestore */,
				DB45D25B2BCF80E60055C7F0 /* FirebaseFirestoreCombine-Community */,
				DB45D25D2BCF80E60055C7F0 /* FirebaseFirestoreSwift */,
			);
			productName = "Recipe Repository";
			productReference = DB45D2272BCEBF1C0055C7F0 /* Recipe Repository.app */;
			productType = "com.apple.product-type.application";
		};
/* End PBXNativeTarget section */

/* Begin PBXProject section */
		DB45D21F2BCEBF1C0055C7F0 /* Project object */ = {
			isa = PBXProject;
			attributes = {
				BuildIndependentTargetsInParallel = 1;
				LastSwiftUpdateCheck = 1500;
				LastUpgradeCheck = 1500;
				TargetAttributes = {
					DB45D2262BCEBF1C0055C7F0 = {
						CreatedOnToolsVersion = 15.0.1;
					};
				};
			};
			buildConfigurationList = DB45D2222BCEBF1C0055C7F0 /* Build configuration list for PBXProject "Recipe Repository" */;
			compatibilityVersion = "Xcode 14.0";
			developmentRegion = en;
			hasScannedForEncodings = 0;
			knownRegions = (
				en,
				Base,
			);
			mainGroup = DB45D21E2BCEBF1C0055C7F0;
			packageReferences = (
				DB45D2402BCF80E60055C7F0 /* XCRemoteSwiftPackageReference "firebase-ios-sdk" */,
			);
			productRefGroup = DB45D2282BCEBF1C0055C7F0 /* Products */;
			projectDirPath = "";
			projectRoot = "";
			targets = (
				DB45D2262BCEBF1C0055C7F0 /* Recipe Repository */,
			);
		};
/* End PBXProject section */

/* Begin PBXResourcesBuildPhase section */
		DB45D2252BCEBF1C0055C7F0 /* Resources */ = {
			isa = PBXResourcesBuildPhase;
			buildActionMask = 2147483647;
			files = (
				DB9E1F8B2BE0BEF20097D824 /* pp.jpg in Resources */,
				DB45D2372BCEBF1F0055C7F0 /* LaunchScreen.storyboard in Resources */,
				DB45D23F2BCF7F810055C7F0 /* GoogleService-Info.plist in Resources */,
				DB45D2342BCEBF1F0055C7F0 /* Assets.xcassets in Resources */,
				DB45D2322BCEBF1C0055C7F0 /* Main.storyboard in Resources */,
			);
			runOnlyForDeploymentPostprocessing = 0;
		};
/* End PBXResourcesBuildPhase section */

/* Begin PBXSourcesBuildPhase section */
		DB45D2232BCEBF1C0055C7F0 /* Sources */ = {
			isa = PBXSourcesBuildPhase;
			buildActionMask = 2147483647;
			files = (
				DB45D2662BD755360055C7F0 /* RecipeCell.swift in Sources */,
				DB45D2602BCF81D50055C7F0 /* LoginViewController.swift in Sources */,
				DB45D2622BCF8AB30055C7F0 /* RegisterViewController.swift in Sources */,
				DB45D22F2BCEBF1C0055C7F0 /* ViewController.swift in Sources */,
				DB45D22B2BCEBF1C0055C7F0 /* AppDelegate.swift in Sources */,
				DB45D22D2BCEBF1C0055C7F0 /* SceneDelegate.swift in Sources */,
				DB9E1F892BE0B79B0097D824 /* ProfileViewController.swift in Sources */,
				DB7A3D7F2BD881DA000DEA9B /* Recipe.swift in Sources */,
				DBE2F4D52BDF5C460011B022 /* DetailViewController.swift in Sources */,
				DB45D2642BD74F730055C7F0 /* HomeViewController.swift in Sources */,
				DB7A3D7D2BD8801C000DEA9B /* RecipeService.swift in Sources */,
			);
			runOnlyForDeploymentPostprocessing = 0;
		};
/* End PBXSourcesBuildPhase section */

/* Begin PBXVariantGroup section */
		DB45D2302BCEBF1C0055C7F0 /* Main.storyboard */ = {
			isa = PBXVariantGroup;
			children = (
				DB45D2312BCEBF1C0055C7F0 /* Base */,
			);
			name = Main.storyboard;
			sourceTree = "<group>";
		};
		DB45D2352BCEBF1F0055C7F0 /* LaunchScreen.storyboard */ = {
			isa = PBXVariantGroup;
			children = (
				DB45D2362BCEBF1F0055C7F0 /* Base */,
			);
			name = LaunchScreen.storyboard;
			sourceTree = "<group>";
		};
/* End PBXVariantGroup section */

/* Begin XCBuildConfiguration section */
		DB45D2392BCEBF1F0055C7F0 /* Debug */ = {
			isa = XCBuildConfiguration;
			buildSettings = {
				ALWAYS_SEARCH_USER_PATHS = NO;
				ASSETCATALOG_COMPILER_GENERATE_SWIFT_ASSET_SYMBOL_EXTENSIONS = YES;
				CLANG_ANALYZER_NONNULL = YES;
				CLANG_ANALYZER_NUMBER_OBJECT_CONVERSION = YES_AGGRESSIVE;
				CLANG_CXX_LANGUAGE_STANDARD = "gnu++20";
				CLANG_ENABLE_MODULES = YES;
				CLANG_ENABLE_OBJC_ARC = YES;
				CLANG_ENABLE_OBJC_WEAK = YES;
				CLANG_WARN_BLOCK_CAPTURE_AUTORELEASING = YES;
				CLANG_WARN_BOOL_CONVERSION = YES;
				CLANG_WARN_COMMA = YES;
				CLANG_WARN_CONSTANT_CONVERSION = YES;
				CLANG_WARN_DEPRECATED_OBJC_IMPLEMENTATIONS = YES;
				CLANG_WARN_DIRECT_OBJC_ISA_USAGE = YES_ERROR;
				CLANG_WARN_DOCUMENTATION_COMMENTS = YES;
				CLANG_WARN_EMPTY_BODY = YES;
				CLANG_WARN_ENUM_CONVERSION = YES;
				CLANG_WARN_INFINITE_RECURSION = YES;
				CLANG_WARN_INT_CONVERSION = YES;
				CLANG_WARN_NON_LITERAL_NULL_CONVERSION = YES;
				CLANG_WARN_OBJC_IMPLICIT_RETAIN_SELF = YES;
				CLANG_WARN_OBJC_LITERAL_CONVERSION = YES;
				CLANG_WARN_OBJC_ROOT_CLASS = YES_ERROR;
				CLANG_WARN_QUOTED_INCLUDE_IN_FRAMEWORK_HEADER = YES;
				CLANG_WARN_RANGE_LOOP_ANALYSIS = YES;
				CLANG_WARN_STRICT_PROTOTYPES = YES;
				CLANG_WARN_SUSPICIOUS_MOVE = YES;
				CLANG_WARN_UNGUARDED_AVAILABILITY = YES_AGGRESSIVE;
				CLANG_WARN_UNREACHABLE_CODE = YES;
				CLANG_WARN__DUPLICATE_METHOD_MATCH = YES;
				COPY_PHASE_STRIP = NO;
				DEBUG_INFORMATION_FORMAT = dwarf;
				ENABLE_STRICT_OBJC_MSGSEND = YES;
				ENABLE_TESTABILITY = YES;
				ENABLE_USER_SCRIPT_SANDBOXING = YES;
				GCC_C_LANGUAGE_STANDARD = gnu17;
				GCC_DYNAMIC_NO_PIC = NO;
				GCC_NO_COMMON_BLOCKS = YES;
				GCC_OPTIMIZATION_LEVEL = 0;
				GCC_PREPROCESSOR_DEFINITIONS = (
					"DEBUG=1",
					"$(inherited)",
				);
				GCC_WARN_64_TO_32_BIT_CONVERSION = YES;
				GCC_WARN_ABOUT_RETURN_TYPE = YES_ERROR;
				GCC_WARN_UNDECLARED_SELECTOR = YES;
				GCC_WARN_UNINITIALIZED_AUTOS = YES_AGGRESSIVE;
				GCC_WARN_UNUSED_FUNCTION = YES;
				GCC_WARN_UNUSED_VARIABLE = YES;
				IPHONEOS_DEPLOYMENT_TARGET = 17.0;
				LOCALIZATION_PREFERS_STRING_CATALOGS = YES;
				MTL_ENABLE_DEBUG_INFO = INCLUDE_SOURCE;
				MTL_FAST_MATH = YES;
				ONLY_ACTIVE_ARCH = YES;
				SDKROOT = iphoneos;
				SWIFT_ACTIVE_COMPILATION_CONDITIONS = "DEBUG $(inherited)";
				SWIFT_OPTIMIZATION_LEVEL = "-Onone";
			};
			name = Debug;
		};
		DB45D23A2BCEBF1F0055C7F0 /* Release */ = {
			isa = XCBuildConfiguration;
			buildSettings = {
				ALWAYS_SEARCH_USER_PATHS = NO;
				ASSETCATALOG_COMPILER_GENERATE_SWIFT_ASSET_SYMBOL_EXTENSIONS = YES;
				CLANG_ANALYZER_NONNULL = YES;
				CLANG_ANALYZER_NUMBER_OBJECT_CONVERSION = YES_AGGRESSIVE;
				CLANG_CXX_LANGUAGE_STANDARD = "gnu++20";
				CLANG_ENABLE_MODULES = YES;
				CLANG_ENABLE_OBJC_ARC = YES;
				CLANG_ENABLE_OBJC_WEAK = YES;
				CLANG_WARN_BLOCK_CAPTURE_AUTORELEASING = YES;
				CLANG_WARN_BOOL_CONVERSION = YES;
				CLANG_WARN_COMMA = YES;
				CLANG_WARN_CONSTANT_CONVERSION = YES;
				CLANG_WARN_DEPRECATED_OBJC_IMPLEMENTATIONS = YES;
				CLANG_WARN_DIRECT_OBJC_ISA_USAGE = YES_ERROR;
				CLANG_WARN_DOCUMENTATION_COMMENTS = YES;
				CLANG_WARN_EMPTY_BODY = YES;
				CLANG_WARN_ENUM_CONVERSION = YES;
				CLANG_WARN_INFINITE_RECURSION = YES;
				CLANG_WARN_INT_CONVERSION = YES;
				CLANG_WARN_NON_LITERAL_NULL_CONVERSION = YES;
				CLANG_WARN_OBJC_IMPLICIT_RETAIN_SELF = YES;
				CLANG_WARN_OBJC_LITERAL_CONVERSION = YES;
				CLANG_WARN_OBJC_ROOT_CLASS = YES_ERROR;
				CLANG_WARN_QUOTED_INCLUDE_IN_FRAMEWORK_HEADER = YES;
				CLANG_WARN_RANGE_LOOP_ANALYSIS = YES;
				CLANG_WARN_STRICT_PROTOTYPES = YES;
				CLANG_WARN_SUSPICIOUS_MOVE = YES;
				CLANG_WARN_UNGUARDED_AVAILABILITY = YES_AGGRESSIVE;
				CLANG_WARN_UNREACHABLE_CODE = YES;
				CLANG_WARN__DUPLICATE_METHOD_MATCH = YES;
				COPY_PHASE_STRIP = NO;
				DEBUG_INFORMATION_FORMAT = "dwarf-with-dsym";
				ENABLE_NS_ASSERTIONS = NO;
				ENABLE_STRICT_OBJC_MSGSEND = YES;
				ENABLE_USER_SCRIPT_SANDBOXING = YES;
				GCC_C_LANGUAGE_STANDARD = gnu17;
				GCC_NO_COMMON_BLOCKS = YES;
				GCC_WARN_64_TO_32_BIT_CONVERSION = YES;
				GCC_WARN_ABOUT_RETURN_TYPE = YES_ERROR;
				GCC_WARN_UNDECLARED_SELECTOR = YES;
				GCC_WARN_UNINITIALIZED_AUTOS = YES_AGGRESSIVE;
				GCC_WARN_UNUSED_FUNCTION = YES;
				GCC_WARN_UNUSED_VARIABLE = YES;
				IPHONEOS_DEPLOYMENT_TARGET = 17.0;
				LOCALIZATION_PREFERS_STRING_CATALOGS = YES;
				MTL_ENABLE_DEBUG_INFO = NO;
				MTL_FAST_MATH = YES;
				SDKROOT = iphoneos;
				SWIFT_COMPILATION_MODE = wholemodule;
				VALIDATE_PRODUCT = YES;
			};
			name = Release;
		};
		DB45D23C2BCEBF1F0055C7F0 /* Debug */ = {
			isa = XCBuildConfiguration;
			buildSettings = {
				ASSETCATALOG_COMPILER_APPICON_NAME = AppIcon;
				ASSETCATALOG_COMPILER_GLOBAL_ACCENT_COLOR_NAME = AccentColor;
				CODE_SIGN_STYLE = Automatic;
				CURRENT_PROJECT_VERSION = 1;
				DEVELOPMENT_TEAM = UHLX392SPF;
				GENERATE_INFOPLIST_FILE = YES;
				INFOPLIST_FILE = "Recipe Repository/Info.plist";
				INFOPLIST_KEY_UIApplicationSupportsIndirectInputEvents = YES;
				INFOPLIST_KEY_UILaunchStoryboardName = LaunchScreen;
				INFOPLIST_KEY_UIMainStoryboardFile = Main;
				INFOPLIST_KEY_UISupportedInterfaceOrientations_iPad = "UIInterfaceOrientationPortrait UIInterfaceOrientationPortraitUpsideDown UIInterfaceOrientationLandscapeLeft UIInterfaceOrientationLandscapeRight";
				INFOPLIST_KEY_UISupportedInterfaceOrientations_iPhone = "UIInterfaceOrientationPortrait UIInterfaceOrientationLandscapeLeft UIInterfaceOrientationLandscapeRight";
				LD_RUNPATH_SEARCH_PATHS = (
					"$(inherited)",
					"@executable_path/Frameworks",
				);
				MARKETING_VERSION = 1.0;
				PRODUCT_BUNDLE_IDENTIFIER = "drishyastha.Recipe-Repository";
				PRODUCT_NAME = "$(TARGET_NAME)";
				SWIFT_EMIT_LOC_STRINGS = YES;
				SWIFT_VERSION = 5.0;
				TARGETED_DEVICE_FAMILY = "1,2";
			};
			name = Debug;
		};
		DB45D23D2BCEBF1F0055C7F0 /* Release */ = {
			isa = XCBuildConfiguration;
			buildSettings = {
				ASSETCATALOG_COMPILER_APPICON_NAME = AppIcon;
				ASSETCATALOG_COMPILER_GLOBAL_ACCENT_COLOR_NAME = AccentColor;
				CODE_SIGN_STYLE = Automatic;
				CURRENT_PROJECT_VERSION = 1;
				DEVELOPMENT_TEAM = UHLX392SPF;
				GENERATE_INFOPLIST_FILE = YES;
				INFOPLIST_FILE = "Recipe Repository/Info.plist";
				INFOPLIST_KEY_UIApplicationSupportsIndirectInputEvents = YES;
				INFOPLIST_KEY_UILaunchStoryboardName = LaunchScreen;
				INFOPLIST_KEY_UIMainStoryboardFile = Main;
				INFOPLIST_KEY_UISupportedInterfaceOrientations_iPad = "UIInterfaceOrientationPortrait UIInterfaceOrientationPortraitUpsideDown UIInterfaceOrientationLandscapeLeft UIInterfaceOrientationLandscapeRight";
				INFOPLIST_KEY_UISupportedInterfaceOrientations_iPhone = "UIInterfaceOrientationPortrait UIInterfaceOrientationLandscapeLeft UIInterfaceOrientationLandscapeRight";
				LD_RUNPATH_SEARCH_PATHS = (
					"$(inherited)",
					"@executable_path/Frameworks",
				);
				MARKETING_VERSION = 1.0;
				PRODUCT_BUNDLE_IDENTIFIER = "drishyastha.Recipe-Repository";
				PRODUCT_NAME = "$(TARGET_NAME)";
				SWIFT_EMIT_LOC_STRINGS = YES;
				SWIFT_VERSION = 5.0;
				TARGETED_DEVICE_FAMILY = "1,2";
			};
			name = Release;
		};
/* End XCBuildConfiguration section */

/* Begin XCConfigurationList section */
		DB45D2222BCEBF1C0055C7F0 /* Build configuration list for PBXProject "Recipe Repository" */ = {
			isa = XCConfigurationList;
			buildConfigurations = (
				DB45D2392BCEBF1F0055C7F0 /* Debug */,
				DB45D23A2BCEBF1F0055C7F0 /* Release */,
			);
			defaultConfigurationIsVisible = 0;
			defaultConfigurationName = Release;
		};
		DB45D23B2BCEBF1F0055C7F0 /* Build configuration list for PBXNativeTarget "Recipe Repository" */ = {
			isa = XCConfigurationList;
			buildConfigurations = (
				DB45D23C2BCEBF1F0055C7F0 /* Debug */,
				DB45D23D2BCEBF1F0055C7F0 /* Release */,
			);
			defaultConfigurationIsVisible = 0;
			defaultConfigurationName = Release;
		};
/* End XCConfigurationList section */

/* Begin XCRemoteSwiftPackageReference section */
		DB45D2402BCF80E60055C7F0 /* XCRemoteSwiftPackageReference "firebase-ios-sdk" */ = {
			isa = XCRemoteSwiftPackageReference;
			repositoryURL = "https://github.com/firebase/firebase-ios-sdk";
			requirement = {
				kind = upToNextMajorVersion;
				minimumVersion = 10.24.0;
			};
		};
/* End XCRemoteSwiftPackageReference section */

/* Begin XCSwiftPackageProductDependency section */
		DB45D2452BCF80E60055C7F0 /* FirebaseAnalyticsSwift */ = {
			isa = XCSwiftPackageProductDependency;
			package = DB45D2402BCF80E60055C7F0 /* XCRemoteSwiftPackageReference "firebase-ios-sdk" */;
			productName = FirebaseAnalyticsSwift;
		};
		DB45D24D2BCF80E60055C7F0 /* FirebaseAuth */ = {
			isa = XCSwiftPackageProductDependency;
			package = DB45D2402BCF80E60055C7F0 /* XCRemoteSwiftPackageReference "firebase-ios-sdk" */;
			productName = FirebaseAuth;
		};
		DB45D24F2BCF80E60055C7F0 /* FirebaseAuthCombine-Community */ = {
			isa = XCSwiftPackageProductDependency;
			package = DB45D2402BCF80E60055C7F0 /* XCRemoteSwiftPackageReference "firebase-ios-sdk" */;
			productName = "FirebaseAuthCombine-Community";
		};
		DB45D2532BCF80E60055C7F0 /* FirebaseDatabase */ = {
			isa = XCSwiftPackageProductDependency;
			package = DB45D2402BCF80E60055C7F0 /* XCRemoteSwiftPackageReference "firebase-ios-sdk" */;
			productName = FirebaseDatabase;
		};
		DB45D2552BCF80E60055C7F0 /* FirebaseDatabaseSwift */ = {
			isa = XCSwiftPackageProductDependency;
			package = DB45D2402BCF80E60055C7F0 /* XCRemoteSwiftPackageReference "firebase-ios-sdk" */;
			productName = FirebaseDatabaseSwift;
		};
		DB45D2592BCF80E60055C7F0 /* FirebaseFirestore */ = {
			isa = XCSwiftPackageProductDependency;
			package = DB45D2402BCF80E60055C7F0 /* XCRemoteSwiftPackageReference "firebase-ios-sdk" */;
			productName = FirebaseFirestore;
		};
		DB45D25B2BCF80E60055C7F0 /* FirebaseFirestoreCombine-Community */ = {
			isa = XCSwiftPackageProductDependency;
			package = DB45D2402BCF80E60055C7F0 /* XCRemoteSwiftPackageReference "firebase-ios-sdk" */;
			productName = "FirebaseFirestoreCombine-Community";
		};
		DB45D25D2BCF80E60055C7F0 /* FirebaseFirestoreSwift */ = {
			isa = XCSwiftPackageProductDependency;
			package = DB45D2402BCF80E60055C7F0 /* XCRemoteSwiftPackageReference "firebase-ios-sdk" */;
			productName = FirebaseFirestoreSwift;
		};
/* End XCSwiftPackageProductDependency section */
	};
	rootObject = DB45D21F2BCEBF1C0055C7F0 /* Project object */;
}
